// !$*UTF8*$!
{
	archiveVersion = 1;
	classes = {
	};
	objectVersion = 46;
	objects = {

/* Begin PBXBuildFile section */
		44848CB81EF29D14003A3D33 /* ViewController.swift in Sources */ = {isa = PBXBuildFile; fileRef = 44EE16F51EF2988C003CB34F /* ViewController.swift */; };
		44848CB91EF29D17003A3D33 /* AppDelegate.swift in Sources */ = {isa = PBXBuildFile; fileRef = 44EE16F31EF2988C003CB34F /* AppDelegate.swift */; };
		44EE16F91EF2988C003CB34F /* Main.storyboard in Resources */ = {isa = PBXBuildFile; fileRef = 44EE16F71EF2988C003CB34F /* Main.storyboard */; };
		44EE16FB1EF2988C003CB34F /* Assets.xcassets in Resources */ = {isa = PBXBuildFile; fileRef = 44EE16FA1EF2988C003CB34F /* Assets.xcassets */; };
		44EE16FE1EF2988C003CB34F /* LaunchScreen.storyboard in Resources */ = {isa = PBXBuildFile; fileRef = 44EE16FC1EF2988C003CB34F /* LaunchScreen.storyboard */; };
		44EE17091EF2988D003CB34F /* DropInPPTests.swift in Sources */ = {isa = PBXBuildFile; fileRef = 44EE17081EF2988D003CB34F /* DropInPPTests.swift */; };
		44EE17141EF2988D003CB34F /* DropInPPUITests.swift in Sources */ = {isa = PBXBuildFile; fileRef = 44EE17131EF2988D003CB34F /* DropInPPUITests.swift */; };
		5C6F2AEF9A0E2D692A29961C /* Pods_DropInPP.framework in Frameworks */ = {isa = PBXBuildFile; fileRef = DD43AD6C595969AC988A0ECD /* Pods_DropInPP.framework */; };
/* End PBXBuildFile section */

/* Begin PBXContainerItemProxy section */
		44EE17051EF2988D003CB34F /* PBXContainerItemProxy */ = {
			isa = PBXContainerItemProxy;
			containerPortal = 44EE16E81EF2988C003CB34F /* Project object */;
			proxyType = 1;
			remoteGlobalIDString = 44EE16EF1EF2988C003CB34F;
			remoteInfo = DropInPP;
		};
		44EE17101EF2988D003CB34F /* PBXContainerItemProxy */ = {
			isa = PBXContainerItemProxy;
			containerPortal = 44EE16E81EF2988C003CB34F /* Project object */;
			proxyType = 1;
			remoteGlobalIDString = 44EE16EF1EF2988C003CB34F;
			remoteInfo = DropInPP;
		};
/* End PBXContainerItemProxy section */

/* Begin PBXFileReference section */
		0A3A1602D769DCA4E112FA7C /* Pods-DropInPP.debug.xcconfig */ = {isa = PBXFileReference; includeInIndex = 1; lastKnownFileType = text.xcconfig; name = "Pods-DropInPP.debug.xcconfig"; path = "Pods/Target Support Files/Pods-DropInPP/Pods-DropInPP.debug.xcconfig"; sourceTree = "<group>"; };
		2134DEBBBFBFD4ACBEDCC97E /* Pods-DropInPP.release.xcconfig */ = {isa = PBXFileReference; includeInIndex = 1; lastKnownFileType = text.xcconfig; name = "Pods-DropInPP.release.xcconfig"; path = "Pods/Target Support Files/Pods-DropInPP/Pods-DropInPP.release.xcconfig"; sourceTree = "<group>"; };
		44EE16F01EF2988C003CB34F /* DropInPP.app */ = {isa = PBXFileReference; explicitFileType = wrapper.application; includeInIndex = 0; path = DropInPP.app; sourceTree = BUILT_PRODUCTS_DIR; };
		44EE16F31EF2988C003CB34F /* AppDelegate.swift */ = {isa = PBXFileReference; lastKnownFileType = sourcecode.swift; path = AppDelegate.swift; sourceTree = "<group>"; };
		44EE16F51EF2988C003CB34F /* ViewController.swift */ = {isa = PBXFileReference; lastKnownFileType = sourcecode.swift; path = ViewController.swift; sourceTree = "<group>"; };
		44EE16F81EF2988C003CB34F /* Base */ = {isa = PBXFileReference; lastKnownFileType = file.storyboard; name = Base; path = Base.lproj/Main.storyboard; sourceTree = "<group>"; };
		44EE16FA1EF2988C003CB34F /* Assets.xcassets */ = {isa = PBXFileReference; lastKnownFileType = folder.assetcatalog; path = Assets.xcassets; sourceTree = "<group>"; };
		44EE16FD1EF2988C003CB34F /* Base */ = {isa = PBXFileReference; lastKnownFileType = file.storyboard; name = Base; path = Base.lproj/LaunchScreen.storyboard; sourceTree = "<group>"; };
		44EE16FF1EF2988C003CB34F /* Info.plist */ = {isa = PBXFileReference; lastKnownFileType = text.plist.xml; path = Info.plist; sourceTree = "<group>"; };
		44EE17041EF2988D003CB34F /* DropInPPTests.xctest */ = {isa = PBXFileReference; explicitFileType = wrapper.cfbundle; includeInIndex = 0; path = DropInPPTests.xctest; sourceTree = BUILT_PRODUCTS_DIR; };
		44EE17081EF2988D003CB34F /* DropInPPTests.swift */ = {isa = PBXFileReference; lastKnownFileType = sourcecode.swift; path = DropInPPTests.swift; sourceTree = "<group>"; };
		44EE170A1EF2988D003CB34F /* Info.plist */ = {isa = PBXFileReference; lastKnownFileType = text.plist.xml; path = Info.plist; sourceTree = "<group>"; };
		44EE170F1EF2988D003CB34F /* DropInPPUITests.xctest */ = {isa = PBXFileReference; explicitFileType = wrapper.cfbundle; includeInIndex = 0; path = DropInPPUITests.xctest; sourceTree = BUILT_PRODUCTS_DIR; };
		44EE17131EF2988D003CB34F /* DropInPPUITests.swift */ = {isa = PBXFileReference; lastKnownFileType = sourcecode.swift; path = DropInPPUITests.swift; sourceTree = "<group>"; };
		44EE17151EF2988D003CB34F /* Info.plist */ = {isa = PBXFileReference; lastKnownFileType = text.plist.xml; path = Info.plist; sourceTree = "<group>"; };
		DD43AD6C595969AC988A0ECD /* Pods_DropInPP.framework */ = {isa = PBXFileReference; explicitFileType = wrapper.framework; includeInIndex = 0; path = Pods_DropInPP.framework; sourceTree = BUILT_PRODUCTS_DIR; };
/* End PBXFileReference section */

/* Begin PBXFrameworksBuildPhase section */
		44EE16ED1EF2988C003CB34F /* Frameworks */ = {
			isa = PBXFrameworksBuildPhase;
			buildActionMask = 2147483647;
			files = (
				5C6F2AEF9A0E2D692A29961C /* Pods_DropInPP.framework in Frameworks */,
			);
			runOnlyForDeploymentPostprocessing = 0;
		};
		44EE17011EF2988D003CB34F /* Frameworks */ = {
			isa = PBXFrameworksBuildPhase;
			buildActionMask = 2147483647;
			files = (
			);
			runOnlyForDeploymentPostprocessing = 0;
		};
		44EE170C1EF2988D003CB34F /* Frameworks */ = {
			isa = PBXFrameworksBuildPhase;
			buildActionMask = 2147483647;
			files = (
			);
			runOnlyForDeploymentPostprocessing = 0;
		};
/* End PBXFrameworksBuildPhase section */

/* Begin PBXGroup section */
		358930338EB536081F506374 /* Frameworks */ = {
			isa = PBXGroup;
			children = (
				DD43AD6C595969AC988A0ECD /* Pods_DropInPP.framework */,
			);
			name = Frameworks;
			sourceTree = "<group>";
		};
		44EE16E71EF2988C003CB34F = {
			isa = PBXGroup;
			children = (
				44EE16F21EF2988C003CB34F /* DropInPP */,
				44EE17071EF2988D003CB34F /* DropInPPTests */,
				44EE17121EF2988D003CB34F /* DropInPPUITests */,
				44EE16F11EF2988C003CB34F /* Products */,
				AFC111326B7FA847082CD9EB /* Pods */,
				358930338EB536081F506374 /* Frameworks */,
			);
			sourceTree = "<group>";
		};
		44EE16F11EF2988C003CB34F /* Products */ = {
			isa = PBXGroup;
			children = (
				44EE16F01EF2988C003CB34F /* DropInPP.app */,
				44EE17041EF2988D003CB34F /* DropInPPTests.xctest */,
				44EE170F1EF2988D003CB34F /* DropInPPUITests.xctest */,
			);
			name = Products;
			sourceTree = "<group>";
		};
		44EE16F21EF2988C003CB34F /* DropInPP */ = {
			isa = PBXGroup;
			children = (
				44EE16F31EF2988C003CB34F /* AppDelegate.swift */,
				44EE16F51EF2988C003CB34F /* ViewController.swift */,
				44EE16F71EF2988C003CB34F /* Main.storyboard */,
				44EE16FA1EF2988C003CB34F /* Assets.xcassets */,
				44EE16FC1EF2988C003CB34F /* LaunchScreen.storyboard */,
				44EE16FF1EF2988C003CB34F /* Info.plist */,
			);
			path = DropInPP;
			sourceTree = "<group>";
		};
		44EE17071EF2988D003CB34F /* DropInPPTests */ = {
			isa = PBXGroup;
			children = (
				44EE17081EF2988D003CB34F /* DropInPPTests.swift */,
				44EE170A1EF2988D003CB34F /* Info.plist */,
			);
			path = DropInPPTests;
			sourceTree = "<group>";
		};
		44EE17121EF2988D003CB34F /* DropInPPUITests */ = {
			isa = PBXGroup;
			children = (
				44EE17131EF2988D003CB34F /* DropInPPUITests.swift */,
				44EE17151EF2988D003CB34F /* Info.plist */,
			);
			path = DropInPPUITests;
			sourceTree = "<group>";
		};
		AFC111326B7FA847082CD9EB /* Pods */ = {
			isa = PBXGroup;
			children = (
				0A3A1602D769DCA4E112FA7C /* Pods-DropInPP.debug.xcconfig */,
				2134DEBBBFBFD4ACBEDCC97E /* Pods-DropInPP.release.xcconfig */,
			);
			name = Pods;
			sourceTree = "<group>";
		};
/* End PBXGroup section */

/* Begin PBXNativeTarget section */
		44EE16EF1EF2988C003CB34F /* DropInPP */ = {
			isa = PBXNativeTarget;
			buildConfigurationList = 44EE17181EF2988D003CB34F /* Build configuration list for PBXNativeTarget "DropInPP" */;
			buildPhases = (
				A2CC1410980D4B18E88805EA /* [CP] Check Pods Manifest.lock */,
				44EE16EC1EF2988C003CB34F /* Sources */,
				44EE16ED1EF2988C003CB34F /* Frameworks */,
				44EE16EE1EF2988C003CB34F /* Resources */,
				3777999AB58FBBFFD29ED2BD /* [CP] Embed Pods Frameworks */,
				A1C192B15AAC26D709671E97 /* [CP] Copy Pods Resources */,
			);
			buildRules = (
			);
			dependencies = (
			);
			name = DropInPP;
			productName = DropInPP;
			productReference = 44EE16F01EF2988C003CB34F /* DropInPP.app */;
			productType = "com.apple.product-type.application";
		};
		44EE17031EF2988D003CB34F /* DropInPPTests */ = {
			isa = PBXNativeTarget;
			buildConfigurationList = 44EE171B1EF2988D003CB34F /* Build configuration list for PBXNativeTarget "DropInPPTests" */;
			buildPhases = (
				44EE17001EF2988D003CB34F /* Sources */,
				44EE17011EF2988D003CB34F /* Frameworks */,
				44EE17021EF2988D003CB34F /* Resources */,
			);
			buildRules = (
			);
			dependencies = (
				44EE17061EF2988D003CB34F /* PBXTargetDependency */,
			);
			name = DropInPPTests;
			productName = DropInPPTests;
			productReference = 44EE17041EF2988D003CB34F /* DropInPPTests.xctest */;
			productType = "com.apple.product-type.bundle.unit-test";
		};
		44EE170E1EF2988D003CB34F /* DropInPPUITests */ = {
			isa = PBXNativeTarget;
			buildConfigurationList = 44EE171E1EF2988D003CB34F /* Build configuration list for PBXNativeTarget "DropInPPUITests" */;
			buildPhases = (
				44EE170B1EF2988D003CB34F /* Sources */,
				44EE170C1EF2988D003CB34F /* Frameworks */,
				44EE170D1EF2988D003CB34F /* Resources */,
			);
			buildRules = (
			);
			dependencies = (
				44EE17111EF2988D003CB34F /* PBXTargetDependency */,
			);
			name = DropInPPUITests;
			productName = DropInPPUITests;
			productReference = 44EE170F1EF2988D003CB34F /* DropInPPUITests.xctest */;
			productType = "com.apple.product-type.bundle.ui-testing";
		};
/* End PBXNativeTarget section */

/* Begin PBXProject section */
		44EE16E81EF2988C003CB34F /* Project object */ = {
			isa = PBXProject;
			attributes = {
				LastSwiftUpdateCheck = 0830;
				LastUpgradeCheck = 0830;
				ORGANIZATIONNAME = Orcun;
				TargetAttributes = {
					44EE16EF1EF2988C003CB34F = {
						CreatedOnToolsVersion = 8.3.3;
						ProvisioningStyle = Automatic;
					};
					44EE17031EF2988D003CB34F = {
						CreatedOnToolsVersion = 8.3.3;
						ProvisioningStyle = Automatic;
						TestTargetID = 44EE16EF1EF2988C003CB34F;
					};
					44EE170E1EF2988D003CB34F = {
						CreatedOnToolsVersion = 8.3.3;
						ProvisioningStyle = Automatic;
						TestTargetID = 44EE16EF1EF2988C003CB34F;
					};
				};
			};
			buildConfigurationList = 44EE16EB1EF2988C003CB34F /* Build configuration list for PBXProject "DropInPP" */;
			compatibilityVersion = "Xcode 3.2";
			developmentRegion = English;
			hasScannedForEncodings = 0;
			knownRegions = (
				en,
				Base,
			);
			mainGroup = 44EE16E71EF2988C003CB34F;
			productRefGroup = 44EE16F11EF2988C003CB34F /* Products */;
			projectDirPath = "";
			projectRoot = "";
			targets = (
				44EE16EF1EF2988C003CB34F /* DropInPP */,
				44EE17031EF2988D003CB34F /* DropInPPTests */,
				44EE170E1EF2988D003CB34F /* DropInPPUITests */,
			);
		};
/* End PBXProject section */

/* Begin PBXResourcesBuildPhase section */
		44EE16EE1EF2988C003CB34F /* Resources */ = {
			isa = PBXResourcesBuildPhase;
			buildActionMask = 2147483647;
			files = (
				44EE16FE1EF2988C003CB34F /* LaunchScreen.storyboard in Resources */,
				44EE16FB1EF2988C003CB34F /* Assets.xcassets in Resources */,
				44EE16F91EF2988C003CB34F /* Main.storyboard in Resources */,
			);
			runOnlyForDeploymentPostprocessing = 0;
		};
		44EE17021EF2988D003CB34F /* Resources */ = {
			isa = PBXResourcesBuildPhase;
			buildActionMask = 2147483647;
			files = (
			);
			runOnlyForDeploymentPostprocessing = 0;
		};
		44EE170D1EF2988D003CB34F /* Resources */ = {
			isa = PBXResourcesBuildPhase;
			buildActionMask = 2147483647;
			files = (
			);
			runOnlyForDeploymentPostprocessing = 0;
		};
/* End PBXResourcesBuildPhase section */

/* Begin PBXShellScriptBuildPhase section */
		3777999AB58FBBFFD29ED2BD /* [CP] Embed Pods Frameworks */ = {
			isa = PBXShellScriptBuildPhase;
			buildActionMask = 2147483647;
			files = (
			);
			inputPaths = (
			);
			name = "[CP] Embed Pods Frameworks";
			outputPaths = (
			);
			runOnlyForDeploymentPostprocessing = 0;
			shellPath = /bin/sh;
			shellScript = "\"${SRCROOT}/Pods/Target Support Files/Pods-DropInPP/Pods-DropInPP-frameworks.sh\"\n";
			showEnvVarsInLog = 0;
		};
		A1C192B15AAC26D709671E97 /* [CP] Copy Pods Resources */ = {
			isa = PBXShellScriptBuildPhase;
			buildActionMask = 2147483647;
			files = (
			);
			inputPaths = (
			);
			name = "[CP] Copy Pods Resources";
			outputPaths = (
			);
			runOnlyForDeploymentPostprocessing = 0;
			shellPath = /bin/sh;
			shellScript = "\"${SRCROOT}/Pods/Target Support Files/Pods-DropInPP/Pods-DropInPP-resources.sh\"\n";
			showEnvVarsInLog = 0;
		};
		A2CC1410980D4B18E88805EA /* [CP] Check Pods Manifest.lock */ = {
			isa = PBXShellScriptBuildPhase;
			buildActionMask = 2147483647;
			files = (
			);
			inputPaths = (
			);
			name = "[CP] Check Pods Manifest.lock";
			outputPaths = (
			);
			runOnlyForDeploymentPostprocessing = 0;
			shellPath = /bin/sh;
			shellScript = "diff \"${PODS_PODFILE_DIR_PATH}/Podfile.lock\" \"${PODS_ROOT}/Manifest.lock\" > /dev/null\nif [ $? != 0 ] ; then\n    # print error to STDERR\n    echo \"error: The sandbox is not in sync with the Podfile.lock. Run 'pod install' or update your CocoaPods installation.\" >&2\n    exit 1\nfi\n";
			showEnvVarsInLog = 0;
		};
/* End PBXShellScriptBuildPhase section */

/* Begin PBXSourcesBuildPhase section */
		44EE16EC1EF2988C003CB34F /* Sources */ = {
			isa = PBXSourcesBuildPhase;
			buildActionMask = 2147483647;
			files = (
				44848CB91EF29D17003A3D33 /* AppDelegate.swift in Sources */,
				44848CB81EF29D14003A3D33 /* ViewController.swift in Sources */,
			);
			runOnlyForDeploymentPostprocessing = 0;
		};
		44EE17001EF2988D003CB34F /* Sources */ = {
			isa = PBXSourcesBuildPhase;
			buildActionMask = 2147483647;
			files = (
				44EE17091EF2988D003CB34F /* DropInPPTests.swift in Sources */,
			);
			runOnlyForDeploymentPostprocessing = 0;
		};
		44EE170B1EF2988D003CB34F /* Sources */ = {
			isa = PBXSourcesBuildPhase;
			buildActionMask = 2147483647;
			files = (
				44EE17141EF2988D003CB34F /* DropInPPUITests.swift in Sources */,
			);
			runOnlyForDeploymentPostprocessing = 0;
		};
/* End PBXSourcesBuildPhase section */

/* Begin PBXTargetDependency section */
		44EE17061EF2988D003CB34F /* PBXTargetDependency */ = {
			isa = PBXTargetDependency;
			target = 44EE16EF1EF2988C003CB34F /* DropInPP */;
			targetProxy = 44EE17051EF2988D003CB34F /* PBXContainerItemProxy */;
		};
		44EE17111EF2988D003CB34F /* PBXTargetDependency */ = {
			isa = PBXTargetDependency;
			target = 44EE16EF1EF2988C003CB34F /* DropInPP */;
			targetProxy = 44EE17101EF2988D003CB34F /* PBXContainerItemProxy */;
		};
/* End PBXTargetDependency section */

/* Begin PBXVariantGroup section */
		44EE16F71EF2988C003CB34F /* Main.storyboard */ = {
			isa = PBXVariantGroup;
			children = (
				44EE16F81EF2988C003CB34F /* Base */,
			);
			name = Main.storyboard;
			sourceTree = "<group>";
		};
		44EE16FC1EF2988C003CB34F /* LaunchScreen.storyboard */ = {
			isa = PBXVariantGroup;
			children = (
				44EE16FD1EF2988C003CB34F /* Base */,
			);
			name = LaunchScreen.storyboard;
			sourceTree = "<group>";
		};
/* End PBXVariantGroup section */

/* Begin XCBuildConfiguration section */
		44EE17161EF2988D003CB34F /* Debug */ = {
			isa = XCBuildConfiguration;
			buildSettings = {
				ALWAYS_SEARCH_USER_PATHS = NO;
				CLANG_ANALYZER_NONNULL = YES;
				CLANG_ANALYZER_NUMBER_OBJECT_CONVERSION = YES_AGGRESSIVE;
				CLANG_CXX_LANGUAGE_STANDARD = "gnu++0x";
				CLANG_CXX_LIBRARY = "libc++";
				CLANG_ENABLE_MODULES = YES;
				CLANG_ENABLE_OBJC_ARC = YES;
				CLANG_WARN_BOOL_CONVERSION = YES;
				CLANG_WARN_CONSTANT_CONVERSION = YES;
				CLANG_WARN_DIRECT_OBJC_ISA_USAGE = YES_ERROR;
				CLANG_WARN_DOCUMENTATION_COMMENTS = YES;
				CLANG_WARN_EMPTY_BODY = YES;
				CLANG_WARN_ENUM_CONVERSION = YES;
				CLANG_WARN_INFINITE_RECURSION = YES;
				CLANG_WARN_INT_CONVERSION = YES;
				CLANG_WARN_OBJC_ROOT_CLASS = YES_ERROR;
				CLANG_WARN_SUSPICIOUS_MOVE = YES;
				CLANG_WARN_UNREACHABLE_CODE = YES;
				CLANG_WARN__DUPLICATE_METHOD_MATCH = YES;
				"CODE_SIGN_IDENTITY[sdk=iphoneos*]" = "iPhone Developer";
				COPY_PHASE_STRIP = NO;
				DEBUG_INFORMATION_FORMAT = dwarf;
				ENABLE_STRICT_OBJC_MSGSEND = YES;
				ENABLE_TESTABILITY = YES;
				GCC_C_LANGUAGE_STANDARD = gnu99;
				GCC_DYNAMIC_NO_PIC = NO;
				GCC_NO_COMMON_BLOCKS = YES;
				GCC_OPTIMIZATION_LEVEL = 0;
				GCC_PREPROCESSOR_DEFINITIONS = (
					"DEBUG=1",
					"$(inherited)",
				);
				GCC_WARN_64_TO_32_BIT_CONVERSION = YES;
				GCC_WARN_ABOUT_RETURN_TYPE = YES_ERROR;
				GCC_WARN_UNDECLARED_SELECTOR = YES;
				GCC_WARN_UNINITIALIZED_AUTOS = YES_AGGRESSIVE;
				GCC_WARN_UNUSED_FUNCTION = YES;
				GCC_WARN_UNUSED_VARIABLE = YES;
				IPHONEOS_DEPLOYMENT_TARGET = 10.3;
				MTL_ENABLE_DEBUG_INFO = YES;
				ONLY_ACTIVE_ARCH = YES;
				SDKROOT = iphoneos;
				SWIFT_ACTIVE_COMPILATION_CONDITIONS = DEBUG;
				SWIFT_OPTIMIZATION_LEVEL = "-Onone";
			};
			name = Debug;
		};
		44EE17171EF2988D003CB34F /* Release */ = {
			isa = XCBuildConfiguration;
			buildSettings = {
				ALWAYS_SEARCH_USER_PATHS = NO;
				CLANG_ANALYZER_NONNULL = YES;
				CLANG_ANALYZER_NUMBER_OBJECT_CONVERSION = YES_AGGRESSIVE;
				CLANG_CXX_LANGUAGE_STANDARD = "gnu++0x";
				CLANG_CXX_LIBRARY = "libc++";
				CLANG_ENABLE_MODULES = YES;
				CLANG_ENABLE_OBJC_ARC = YES;
				CLANG_WARN_BOOL_CONVERSION = YES;
				CLANG_WARN_CONSTANT_CONVERSION = YES;
				CLANG_WARN_DIRECT_OBJC_ISA_USAGE = YES_ERROR;
				CLANG_WARN_DOCUMENTATION_COMMENTS = YES;
				CLANG_WARN_EMPTY_BODY = YES;
				CLANG_WARN_ENUM_CONVERSION = YES;
				CLANG_WARN_INFINITE_RECURSION = YES;
				CLANG_WARN_INT_CONVERSION = YES;
				CLANG_WARN_OBJC_ROOT_CLASS = YES_ERROR;
				CLANG_WARN_SUSPICIOUS_MOVE = YES;
				CLANG_WARN_UNREACHABLE_CODE = YES;
				CLANG_WARN__DUPLICATE_METHOD_MATCH = YES;
				"CODE_SIGN_IDENTITY[sdk=iphoneos*]" = "iPhone Developer";
				COPY_PHASE_STRIP = NO;
				DEBUG_INFORMATION_FORMAT = "dwarf-with-dsym";
				ENABLE_NS_ASSERTIONS = NO;
				ENABLE_STRICT_OBJC_MSGSEND = YES;
				GCC_C_LANGUAGE_STANDARD = gnu99;
				GCC_NO_COMMON_BLOCKS = YES;
				GCC_WARN_64_TO_32_BIT_CONVERSION = YES;
				GCC_WARN_ABOUT_RETURN_TYPE = YES_ERROR;
				GCC_WARN_UNDECLARED_SELECTOR = YES;
				GCC_WARN_UNINITIALIZED_AUTOS = YES_AGGRESSIVE;
				GCC_WARN_UNUSED_FUNCTION = YES;
				GCC_WARN_UNUSED_VARIABLE = YES;
				IPHONEOS_DEPLOYMENT_TARGET = 10.3;
				MTL_ENABLE_DEBUG_INFO = NO;
				SDKROOT = iphoneos;
				SWIFT_OPTIMIZATION_LEVEL = "-Owholemodule";
				VALIDATE_PRODUCT = YES;
			};
			name = Release;
		};
		44EE17191EF2988D003CB34F /* Debug */ = {
			isa = XCBuildConfiguration;
			baseConfigurationReference = 0A3A1602D769DCA4E112FA7C /* Pods-DropInPP.debug.xcconfig */;
			buildSettings = {
				ASSETCATALOG_COMPILER_APPICON_NAME = AppIcon;
				INFOPLIST_FILE = DropInPP/Info.plist;
				LD_RUNPATH_SEARCH_PATHS = "$(inherited) @executable_path/Frameworks";
				PRODUCT_BUNDLE_IDENTIFIER = orcunBraintree.DropInPP;
				PRODUCT_NAME = "$(TARGET_NAME)";
				SWIFT_VERSION = 3.0;
			};
			name = Debug;
		};
		44EE171A1EF2988D003CB34F /* Release */ = {
			isa = XCBuildConfiguration;
			baseConfigurationReference = 2134DEBBBFBFD4ACBEDCC97E /* Pods-DropInPP.release.xcconfig */;
			buildSettings = {
				ASSETCATALOG_COMPILER_APPICON_NAME = AppIcon;
				INFOPLIST_FILE = DropInPP/Info.plist;
				LD_RUNPATH_SEARCH_PATHS = "$(inherited) @executable_path/Frameworks";
				PRODUCT_BUNDLE_IDENTIFIER = orcunBraintree.DropInPP;
				PRODUCT_NAME = "$(TARGET_NAME)";
				SWIFT_VERSION = 3.0;
			};
			name = Release;
		};
		44EE171C1EF2988D003CB34F /* Debug */ = {
			isa = XCBuildConfiguration;
			buildSettings = {
				ALWAYS_EMBED_SWIFT_STANDARD_LIBRARIES = YES;
				BUNDLE_LOADER = "$(TEST_HOST)";
				INFOPLIST_FILE = DropInPPTests/Info.plist;
				LD_RUNPATH_SEARCH_PATHS = "$(inherited) @executable_path/Frameworks @loader_path/Frameworks";
				PRODUCT_BUNDLE_IDENTIFIER = orcunBraintree.DropInPPTests;
				PRODUCT_NAME = "$(TARGET_NAME)";
				SWIFT_VERSION = 3.0;
				TEST_HOST = "$(BUILT_PRODUCTS_DIR)/DropInPP.app/DropInPP";
			};
			name = Debug;
		};
		44EE171D1EF2988D003CB34F /* Release */ = {
			isa = XCBuildConfiguration;
			buildSettings = {
				ALWAYS_EMBED_SWIFT_STANDARD_LIBRARIES = YES;
				BUNDLE_LOADER = "$(TEST_HOST)";
				INFOPLIST_FILE = DropInPPTests/Info.plist;
				LD_RUNPATH_SEARCH_PATHS = "$(inherited) @executable_path/Frameworks @loader_path/Frameworks";
				PRODUCT_BUNDLE_IDENTIFIER = orcunBraintree.DropInPPTests;
				PRODUCT_NAME = "$(TARGET_NAME)";
				SWIFT_VERSION = 3.0;
				TEST_HOST = "$(BUILT_PRODUCTS_DIR)/DropInPP.app/DropInPP";
			};
			name = Release;
		};
		44EE171F1EF2988D003CB34F /* Debug */ = {
			isa = XCBuildConfiguration;
			buildSettings = {
				ALWAYS_EMBED_SWIFT_STANDARD_LIBRARIES = YES;
				INFOPLIST_FILE = DropInPPUITests/Info.plist;
				LD_RUNPATH_SEARCH_PATHS = "$(inherited) @executable_path/Frameworks @loader_path/Frameworks";
				PRODUCT_BUNDLE_IDENTIFIER = orcunBraintree.DropInPPUITests;
				PRODUCT_NAME = "$(TARGET_NAME)";
				SWIFT_VERSION = 3.0;
				TEST_TARGET_NAME = DropInPP;
			};
			name = Debug;
		};
		44EE17201EF2988D003CB34F /* Release */ = {
			isa = XCBuildConfiguration;
			buildSettings = {
				ALWAYS_EMBED_SWIFT_STANDARD_LIBRARIES = YES;
				INFOPLIST_FILE = DropInPPUITests/Info.plist;
				LD_RUNPATH_SEARCH_PATHS = "$(inherited) @executable_path/Frameworks @loader_path/Frameworks";
				PRODUCT_BUNDLE_IDENTIFIER = orcunBraintree.DropInPPUITests;
				PRODUCT_NAME = "$(TARGET_NAME)";
				SWIFT_VERSION = 3.0;
				TEST_TARGET_NAME = DropInPP;
			};
			name = Release;
		};
/* End XCBuildConfiguration section */

/* Begin XCConfigurationList section */
		44EE16EB1EF2988C003CB34F /* Build configuration list for PBXProject "DropInPP" */ = {
			isa = XCConfigurationList;
			buildConfigurations = (
				44EE17161EF2988D003CB34F /* Debug */,
				44EE17171EF2988D003CB34F /* Release */,
			);
			defaultConfigurationIsVisible = 0;
			defaultConfigurationName = Release;
		};
		44EE17181EF2988D003CB34F /* Build configuration list for PBXNativeTarget "DropInPP" */ = {
			isa = XCConfigurationList;
			buildConfigurations = (
				44EE17191EF2988D003CB34F /* Debug */,
				44EE171A1EF2988D003CB34F /* Release */,
			);
			defaultConfigurationIsVisible = 0;
			defaultConfigurationName = Release;
		};
		44EE171B1EF2988D003CB34F /* Build configuration list for PBXNativeTarget "DropInPPTests" */ = {
			isa = XCConfigurationList;
			buildConfigurations = (
				44EE171C1EF2988D003CB34F /* Debug */,
				44EE171D1EF2988D003CB34F /* Release */,
			);
			defaultConfigurationIsVisible = 0;
			defaultConfigurationName = Release;
		};
		44EE171E1EF2988D003CB34F /* Build configuration list for PBXNativeTarget "DropInPPUITests" */ = {
			isa = XCConfigurationList;
			buildConfigurations = (
				44EE171F1EF2988D003CB34F /* Debug */,
				44EE17201EF2988D003CB34F /* Release */,
			);
			defaultConfigurationIsVisible = 0;
			defaultConfigurationName = Release;
		};
/* End XCConfigurationList section */
	};
	rootObject = 44EE16E81EF2988C003CB34F /* Project object */;
}
